<?xml version="1.0" encoding="utf-8"?>
<Project ToolsVersion="4.0" xmlns="http://schemas.microsoft.com/developer/msbuild/2003">
  <ItemGroup>
    <Filter Include="Source Files">
      <UniqueIdentifier>{4FC737F1-C7A5-4376-A066-2A32D752A2FF}</UniqueIdentifier>
      <Extensions>cpp;c;cc;cxx;def;odl;idl;hpj;bat;asm;asmx</Extensions>
    </Filter>
    <Filter Include="Header Files">
      <UniqueIdentifier>{93995380-89BD-4b04-88EB-625FBE52EBFB}</UniqueIdentifier>
      <Extensions>h;hh;hpp;hxx;hm;inl;inc;xsd</Extensions>
    </Filter>
    <Filter Include="Tests">
      <UniqueIdentifier>{454941ab-e8c3-498f-857e-4126a2c067ad}</UniqueIdentifier>
    </Filter>
    <Filter Include="Tests\Test Classes">
      <UniqueIdentifier>{586ff9af-c1d7-4de5-904a-d7cc0b8ccf8c}</UniqueIdentifier>
    </Filter>
    <Filter Include="Tests\Test Classes\Source Files">
      <UniqueIdentifier>{0b671290-e933-4719-aa98-2e5922e6a36d}</UniqueIdentifier>
    </Filter>
    <Filter Include="Tests\Test Classes\Header Files">
      <UniqueIdentifier>{6568008c-ec0d-4f90-8ee7-3cee7562341c}</UniqueIdentifier>
    </Filter>
    <Filter Include="resources">
      <UniqueIdentifier>{5f398315-9912-49af-a766-cf91ac2c93f6}</UniqueIdentifier>
    </Filter>
  </ItemGroup>
  <ItemGroup>
    <ClCompile Include="BattleshipGame.cpp">
      <Filter>Source Files</Filter>
    </ClCompile>
    <ClCompile Include="BattleshipGameAlgo.cpp">
      <Filter>Source Files</Filter>
    </ClCompile>
    <ClCompile Include="BattleshipGameManager.cpp">
      <Filter>Source Files</Filter>
    </ClCompile>
    <ClCompile Include="StringUtils.cpp">
      <Filter>Source Files</Filter>
    </ClCompile>
    <ClCompile Include="InputProcessor.cpp">
      <Filter>Source Files</Filter>
    </ClCompile>
    <ClCompile Include="StringUtilsTest.cpp">
      <Filter>Tests\Test Classes\Source Files</Filter>
    </ClCompile>
    <ClCompile Include="BattleshipGameManagerTest.cpp">
      <Filter>Tests\Test Classes\Source Files</Filter>
    </ClCompile>
    <ClCompile Include="BattleshipGameAlgoTest.cpp">
      <Filter>Tests\Test Classes\Source Files</Filter>
    </ClCompile>
  </ItemGroup>
  <ItemGroup>
    <ClInclude Include="BattleshipGameAlgo.h">
      <Filter>Header Files</Filter>
    </ClInclude>
    <ClInclude Include="BattleshipGameManager.h">
      <Filter>Header Files</Filter>
    </ClInclude>
    <ClInclude Include="IBattleshipGameAlgo.h">
      <Filter>Header Files</Filter>
    </ClInclude>
    <ClInclude Include="StringUtils.h">
      <Filter>Header Files</Filter>
    </ClInclude>
    <ClInclude Include="InputProcessor.h">
      <Filter>Header Files</Filter>
    </ClInclude>
    <ClInclude Include="Macros.h">
      <Filter>Header Files</Filter>
    </ClInclude>
    <ClInclude Include="BattleBoard.h">
      <Filter>Header Files</Filter>
    </ClInclude>
    <ClInclude Include="StringUtilsTest.h">
      <Filter>Tests\Test Classes\Header Files</Filter>
    </ClInclude>
    <ClInclude Include="BattleshipGameManagerTest.h">
      <Filter>Tests\Test Classes\Header Files</Filter>
    </ClInclude>
    <ClInclude Include="BattleshipGameAlgoTest.h">
      <Filter>Tests\Test Classes\Header Files</Filter>
    </ClInclude>
  </ItemGroup>
  <ItemGroup>
    <None Include="test.attack-a">
      <Filter>resources</Filter>
    </None>
  </ItemGroup>
</Project>